
Microsoft Visual Studio Solution File, Format Version 12.00
Project("{FAE04EC0-301F-11D3-BF4B-00C04F79EFBC}") = "Book And Library", "Book And Library\Book And Library.csproj", "{CFC5916F-7631-44AA-812D-4BA40617234D}"
EndProject
Global
	GlobalSection(SolutionConfigurationPlatforms) = preSolution
		Debug|Any CPU = Debug|Any CPU
		Release|Any CPU = Release|Any CPU
	EndGlobalSection
	GlobalSection(ProjectConfigurationPlatforms) = postSolution
		{CFC5916F-7631-44AA-812D-4BA40617234D}.Debug|Any CPU.ActiveCfg = Debug|Any CPU
		{CFC5916F-7631-44AA-812D-4BA40617234D}.Debug|Any CPU.Build.0 = Debug|Any CPU
		{CFC5916F-7631-44AA-812D-4BA40617234D}.Release|Any CPU.ActiveCfg = Release|Any CPU
		{CFC5916F-7631-44AA-812D-4BA40617234D}.Release|Any CPU.Build.0 = Release|Any CPU
	EndGlobalSection
EndGlobal
